Microsoft Visual Studio Solution File, Format Version 12.00
# Visual Studio Version 17
VisualStudioVersion = 17.5.2.0
MinimumVisualStudioVersion = 10.0.40219.1
Project("{FAE04EC0-301F-11D3-BF4B-00C04F79EFBC}") = "GatewayTareas", "dotnet8-minimal\GatewayTareas.csproj", "{F47564EF-DF7F-F5B7-6D55-12D701C626F6}"
EndProject
Global
	GlobalSection(SolutionConfigurationPlatforms) = preSolution
		Debug|Any CPU = Debug|Any CPU
		Release|Any CPU = Release|Any CPU
	EndGlobalSection
	GlobalSection(ProjectConfigurationPlatforms) = postSolution
		{F47564EF-DF7F-F5B7-6D55-12D701C626F6}.Debug|Any CPU.ActiveCfg = Debug|Any CPU
		{F47564EF-DF7F-F5B7-6D55-12D701C626F6}.Debug|Any CPU.Build.0 = Debug|Any CPU
		{F47564EF-DF7F-F5B7-6D55-12D701C626F6}.Release|Any CPU.ActiveCfg = Release|Any CPU
		{F47564EF-DF7F-F5B7-6D55-12D701C626F6}.Release|Any CPU.Build.0 = Release|Any CPU
	EndGlobalSection
	GlobalSection(SolutionProperties) = preSolution
		HideSolutionNode = FALSE
	EndGlobalSection
	GlobalSection(ExtensibilityGlobals) = postSolution
		SolutionGuid = {B9853CDA-DE05-4BB6-9B13-08C0D06CD7FE}
	EndGlobalSection
EndGlobal
